// !$*UTF8*$!
{
	archiveVersion = 1;
	classes = {
	};
	objectVersion = 77;
	objects = {

/* Begin PBXBuildFile section */
		FF0D0B122F1F74390086FE3D /* CoreApp in Frameworks */ = {isa = PBXBuildFile; productRef = FF0D0B112F1F74390086FE3D /* CoreApp */; };
		FF0D0B152F1F748A0086FE3D /* DataApp in Frameworks */ = {isa = PBXBuildFile; productRef = FF0D0B142F1F748A0086FE3D /* DataApp */; };
		FF0D0B182F1F74950086FE3D /* DomainApp in Frameworks */ = {isa = PBXBuildFile; productRef = FF0D0B172F1F74950086FE3D /* DomainApp */; };
		FF0D0B1B2F1F749F0086FE3D /* UIApp in Frameworks */ = {isa = PBXBuildFile; productRef = FF0D0B1A2F1F749F0086FE3D /* UIApp */; };
		FF0D0B202F1FB3480086FE3D /* MarqueeText in Frameworks */ = {isa = PBXBuildFile; productRef = FF0D0B1F2F1FB3480086FE3D /* MarqueeText */; };
		FF0D0B232F1FB44B0086FE3D /* Alamofire in Frameworks */ = {isa = PBXBuildFile; productRef = FF0D0B222F1FB44B0086FE3D /* Alamofire */; };
		FF0D0B252F1FB44B0086FE3D /* AlamofireDynamic in Frameworks */ = {isa = PBXBuildFile; productRef = FF0D0B242F1FB44B0086FE3D /* AlamofireDynamic */; };
/* End PBXBuildFile section */

/* Begin PBXFileReference section */
		FF815F212F1E0905007FC472 /* turkiye_finans_2026_ios.app */ = {isa = PBXFileReference; explicitFileType = wrapper.application; includeInIndex = 0; path = turkiye_finans_2026_ios.app; sourceTree = BUILT_PRODUCTS_DIR; };
/* End PBXFileReference section */

/* Begin PBXFileSystemSynchronizedBuildFileExceptionSet section */
		FF815F332F1E0906007FC472 /* Exceptions for "turkiye_finans_2026_ios" folder in "turkiye_finans_2026_ios" target */ = {
			isa = PBXFileSystemSynchronizedBuildFileExceptionSet;
			membershipExceptions = (
				Info.plist,
			);
			target = FF815F202F1E0905007FC472 /* turkiye_finans_2026_ios */;
		};
/* End PBXFileSystemSynchronizedBuildFileExceptionSet section */

/* Begin PBXFileSystemSynchronizedRootGroup section */
		FF815F232F1E0905007FC472 /* turkiye_finans_2026_ios */ = {
			isa = PBXFileSystemSynchronizedRootGroup;
			exceptions = (
				FF815F332F1E0906007FC472 /* Exceptions for "turkiye_finans_2026_ios" folder in "turkiye_finans_2026_ios" target */,
			);
			path = turkiye_finans_2026_ios;
			sourceTree = "<group>";
		};
/* End PBXFileSystemSynchronizedRootGroup section */

/* Begin PBXFrameworksBuildPhase section */
		FF815F1E2F1E0905007FC472 /* Frameworks */ = {
			isa = PBXFrameworksBuildPhase;
			buildActionMask = 2147483647;
			files = (
				FF0D0B182F1F74950086FE3D /* DomainApp in Frameworks */,
				FF0D0B152F1F748A0086FE3D /* DataApp in Frameworks */,
				FF0D0B1B2F1F749F0086FE3D /* UIApp in Frameworks */,
				FF0D0B232F1FB44B0086FE3D /* Alamofire in Frameworks */,
				FF0D0B252F1FB44B0086FE3D /* AlamofireDynamic in Frameworks */,
				FF0D0B122F1F74390086FE3D /* CoreApp in Frameworks */,
				FF0D0B202F1FB3480086FE3D /* MarqueeText in Frameworks */,
			);
			runOnlyForDeploymentPostprocessing = 0;
		};
/* End PBXFrameworksBuildPhase section */

/* Begin PBXGroup section */
		FF815F182F1E0905007FC472 = {
			isa = PBXGroup;
			children = (
				FF815F232F1E0905007FC472 /* turkiye_finans_2026_ios */,
				FF815F222F1E0905007FC472 /* Products */,
			);
			sourceTree = "<group>";
		};
		FF815F222F1E0905007FC472 /* Products */ = {
			isa = PBXGroup;
			children = (
				FF815F212F1E0905007FC472 /* turkiye_finans_2026_ios.app */,
			);
			name = Products;
			sourceTree = "<group>";
		};
/* End PBXGroup section */

/* Begin PBXNativeTarget section */
		FF815F202F1E0905007FC472 /* turkiye_finans_2026_ios */ = {
			isa = PBXNativeTarget;
			buildConfigurationList = FF815F342F1E0906007FC472 /* Build configuration list for PBXNativeTarget "turkiye_finans_2026_ios" */;
			buildPhases = (
				FF815F1D2F1E0905007FC472 /* Sources */,
				FF815F1E2F1E0905007FC472 /* Frameworks */,
				FF815F1F2F1E0905007FC472 /* Resources */,
			);
			buildRules = (
			);
			dependencies = (
			);
			fileSystemSynchronizedGroups = (
				FF815F232F1E0905007FC472 /* turkiye_finans_2026_ios */,
			);
			name = turkiye_finans_2026_ios;
			packageProductDependencies = (
				FF0D0B112F1F74390086FE3D /* CoreApp */,
				FF0D0B142F1F748A0086FE3D /* DataApp */,
				FF0D0B172F1F74950086FE3D /* DomainApp */,
				FF0D0B1A2F1F749F0086FE3D /* UIApp */,
				FF0D0B1F2F1FB3480086FE3D /* MarqueeText */,
				FF0D0B222F1FB44B0086FE3D /* Alamofire */,
				FF0D0B242F1FB44B0086FE3D /* AlamofireDynamic */,
			);
			productName = turkiye_finans_2026_ios;
			productReference = FF815F212F1E0905007FC472 /* turkiye_finans_2026_ios.app */;
			productType = "com.apple.product-type.application";
		};
/* End PBXNativeTarget section */

/* Begin PBXProject section */
		FF815F192F1E0905007FC472 /* Project object */ = {
			isa = PBXProject;
			attributes = {
				BuildIndependentTargetsInParallel = 1;
				LastSwiftUpdateCheck = 2620;
				LastUpgradeCheck = 2620;
				TargetAttributes = {
					FF815F202F1E0905007FC472 = {
						CreatedOnToolsVersion = 26.2;
					};
				};
			};
			buildConfigurationList = FF815F1C2F1E0905007FC472 /* Build configuration list for PBXProject "turkiye_finans_2026_ios" */;
			developmentRegion = en;
			hasScannedForEncodings = 0;
			knownRegions = (
				en,
				Base,
			);
			mainGroup = FF815F182F1E0905007FC472;
			minimizedProjectReferenceProxies = 1;
			packageReferences = (
				FF0D0B102F1F74390086FE3D /* XCLocalSwiftPackageReference "Packages/CoreApp" */,
				FF0D0B132F1F748A0086FE3D /* XCLocalSwiftPackageReference "Packages/DataApp" */,
				FF0D0B162F1F74950086FE3D /* XCLocalSwiftPackageReference "Packages/DomainApp" */,
				FF0D0B192F1F749F0086FE3D /* XCLocalSwiftPackageReference "Packages/UIApp" */,
				FF0D0B1E2F1FB3480086FE3D /* XCRemoteSwiftPackageReference "MarqueeText" */,
				FF0D0B212F1FB44B0086FE3D /* XCRemoteSwiftPackageReference "Alamofire" */,
				FF0D0B262F1FB46C0086FE3D /* XCRemoteSwiftPackageReference "Moya" */,
			);
			preferredProjectObjectVersion = 77;
			productRefGroup = FF815F222F1E0905007FC472 /* Products */;
			projectDirPath = "";
			projectRoot = "";
			targets = (
				FF815F202F1E0905007FC472 /* turkiye_finans_2026_ios */,
			);
		};
/* End PBXProject section */

/* Begin PBXResourcesBuildPhase section */
		FF815F1F2F1E0905007FC472 /* Resources */ = {
			isa = PBXResourcesBuildPhase;
			buildActionMask = 2147483647;
			files = (
			);
			runOnlyForDeploymentPostprocessing = 0;
		};
/* End PBXResourcesBuildPhase section */

/* Begin PBXSourcesBuildPhase section */
		FF815F1D2F1E0905007FC472 /* Sources */ = {
			isa = PBXSourcesBuildPhase;
			buildActionMask = 2147483647;
			files = (
			);
			runOnlyForDeploymentPostprocessing = 0;
		};
/* End PBXSourcesBuildPhase section */

/* Begin XCBuildConfiguration section */
		FF815F352F1E0906007FC472 /* Debug */ = {
			isa = XCBuildConfiguration;
			buildSettings = {
				ASSETCATALOG_COMPILER_APPICON_NAME = AppIcon;
				ASSETCATALOG_COMPILER_GLOBAL_ACCENT_COLOR_NAME = AccentColor;
				CODE_SIGN_STYLE = Automatic;
				CURRENT_PROJECT_VERSION = 1;
				DEVELOPMENT_TEAM = 8ZY239GG83;
				GENERATE_INFOPLIST_FILE = YES;
				INFOPLIST_FILE = turkiye_finans_2026_ios/Info.plist;
				INFOPLIST_KEY_UIApplicationSupportsIndirectInputEvents = YES;
				INFOPLIST_KEY_UILaunchStoryboardName = Main.storyboard;
				INFOPLIST_KEY_UIMainStoryboardFile = Main;
				INFOPLIST_KEY_UISupportedInterfaceOrientations_iPad = "UIInterfaceOrientationPortrait UIInterfaceOrientationPortraitUpsideDown UIInterfaceOrientationLandscapeLeft UIInterfaceOrientationLandscapeRight";
				INFOPLIST_KEY_UISupportedInterfaceOrientations_iPhone = "UIInterfaceOrientationPortrait UIInterfaceOrientationLandscapeLeft UIInterfaceOrientationLandscapeRight";
				LD_RUNPATH_SEARCH_PATHS = (
					"$(inherited)",
					"@executable_path/Frameworks",
				);
				MARKETING_VERSION = 1.0;
				PRODUCT_BUNDLE_IDENTIFIER = "com.works.turkiye-finans-2026-ios";
				PRODUCT_NAME = "$(TARGET_NAME)";
				STRING_CATALOG_GENERATE_SYMBOLS = YES;
				SWIFT_APPROACHABLE_CONCURRENCY = YES;
				SWIFT_DEFAULT_ACTOR_ISOLATION = MainActor;
				SWIFT_EMIT_LOC_STRINGS = YES;
				SWIFT_UPCOMING_FEATURE_MEMBER_IMPORT_VISIBILITY = YES;
				SWIFT_VERSION = 5.0;
				TARGETED_DEVICE_FAMILY = "1,2";
			};
			name = Debug;
		};
		FF815F362F1E0906007FC472 /* Release */ = {
			isa = XCBuildConfiguration;
			buildSettings = {
				ASSETCATALOG_COMPILER_APPICON_NAME = AppIcon;
				ASSETCATALOG_COMPILER_GLOBAL_ACCENT_COLOR_NAME = AccentColor;
				CODE_SIGN_STYLE = Automatic;
				CURRENT_PROJECT_VERSION = 1;
				DEVELOPMENT_TEAM = 8ZY239GG83;
				GENERATE_INFOPLIST_FILE = YES;
				INFOPLIST_FILE = turkiye_finans_2026_ios/Info.plist;
				INFOPLIST_KEY_UIApplicationSupportsIndirectInputEvents = YES;
				INFOPLIST_KEY_UILaunchStoryboardName = Main.storyboard;
				INFOPLIST_KEY_UIMainStoryboardFile = Main;
				INFOPLIST_KEY_UISupportedInterfaceOrientations_iPad = "UIInterfaceOrientationPortrait UIInterfaceOrientationPortraitUpsideDown UIInterfaceOrientationLandscapeLeft UIInterfaceOrientationLandscapeRight";
				INFOPLIST_KEY_UISupportedInterfaceOrientations_iPhone = "UIInterfaceOrientationPortrait UIInterfaceOrientationLandscapeLeft UIInterfaceOrientationLandscapeRight";
				LD_RUNPATH_SEARCH_PATHS = (
					"$(inherited)",
					"@executable_path/Frameworks",
				);
				MARKETING_VERSION = 1.0;
				PRODUCT_BUNDLE_IDENTIFIER = "com.works.turkiye-finans-2026-ios";
				PRODUCT_NAME = "$(TARGET_NAME)";
				STRING_CATALOG_GENERATE_SYMBOLS = YES;
				SWIFT_APPROACHABLE_CONCURRENCY = YES;
				SWIFT_DEFAULT_ACTOR_ISOLATION = MainActor;
				SWIFT_EMIT_LOC_STRINGS = YES;
				SWIFT_UPCOMING_FEATURE_MEMBER_IMPORT_VISIBILITY = YES;
				SWIFT_VERSION = 5.0;
				TARGETED_DEVICE_FAMILY = "1,2";
			};
			name = Release;
		};
		FF815F372F1E0906007FC472 /* Debug */ = {
			isa = XCBuildConfiguration;
			buildSettings = {
				ALWAYS_SEARCH_USER_PATHS = NO;
				ASSETCATALOG_COMPILER_GENERATE_SWIFT_ASSET_SYMBOL_EXTENSIONS = YES;
				CLANG_ANALYZER_NONNULL = YES;
				CLANG_ANALYZER_NUMBER_OBJECT_CONVERSION = YES_AGGRESSIVE;
				CLANG_CXX_LANGUAGE_STANDARD = "gnu++20";
				CLANG_ENABLE_MODULES = YES;
				CLANG_ENABLE_OBJC_ARC = YES;
				CLANG_ENABLE_OBJC_WEAK = YES;
				CLANG_WARN_BLOCK_CAPTURE_AUTORELEASING = YES;
				CLANG_WARN_BOOL_CONVERSION = YES;
				CLANG_WARN_COMMA = YES;
				CLANG_WARN_CONSTANT_CONVERSION = YES;
				CLANG_WARN_DEPRECATED_OBJC_IMPLEMENTATIONS = YES;
				CLANG_WARN_DIRECT_OBJC_ISA_USAGE = YES_ERROR;
				CLANG_WARN_DOCUMENTATION_COMMENTS = YES;
				CLANG_WARN_EMPTY_BODY = YES;
				CLANG_WARN_ENUM_CONVERSION = YES;
				CLANG_WARN_INFINITE_RECURSION = YES;
				CLANG_WARN_INT_CONVERSION = YES;
				CLANG_WARN_NON_LITERAL_NULL_CONVERSION = YES;
				CLANG_WARN_OBJC_IMPLICIT_RETAIN_SELF = YES;
				CLANG_WARN_OBJC_LITERAL_CONVERSION = YES;
				CLANG_WARN_OBJC_ROOT_CLASS = YES_ERROR;
				CLANG_WARN_QUOTED_INCLUDE_IN_FRAMEWORK_HEADER = YES;
				CLANG_WARN_RANGE_LOOP_ANALYSIS = YES;
				CLANG_WARN_STRICT_PROTOTYPES = YES;
				CLANG_WARN_SUSPICIOUS_MOVE = YES;
				CLANG_WARN_UNGUARDED_AVAILABILITY = YES_AGGRESSIVE;
				CLANG_WARN_UNREACHABLE_CODE = YES;
				CLANG_WARN__DUPLICATE_METHOD_MATCH = YES;
				COPY_PHASE_STRIP = NO;
				DEBUG_INFORMATION_FORMAT = dwarf;
				DEVELOPMENT_TEAM = 8ZY239GG83;
				ENABLE_STRICT_OBJC_MSGSEND = YES;
				ENABLE_TESTABILITY = YES;
				ENABLE_USER_SCRIPT_SANDBOXING = YES;
				GCC_C_LANGUAGE_STANDARD = gnu17;
				GCC_DYNAMIC_NO_PIC = NO;
				GCC_NO_COMMON_BLOCKS = YES;
				GCC_OPTIMIZATION_LEVEL = 0;
				GCC_PREPROCESSOR_DEFINITIONS = (
					"DEBUG=1",
					"$(inherited)",
				);
				GCC_WARN_64_TO_32_BIT_CONVERSION = YES;
				GCC_WARN_ABOUT_RETURN_TYPE = YES_ERROR;
				GCC_WARN_UNDECLARED_SELECTOR = YES;
				GCC_WARN_UNINITIALIZED_AUTOS = YES_AGGRESSIVE;
				GCC_WARN_UNUSED_FUNCTION = YES;
				GCC_WARN_UNUSED_VARIABLE = YES;
				IPHONEOS_DEPLOYMENT_TARGET = 26.2;
				LOCALIZATION_PREFERS_STRING_CATALOGS = YES;
				MTL_ENABLE_DEBUG_INFO = INCLUDE_SOURCE;
				MTL_FAST_MATH = YES;
				ONLY_ACTIVE_ARCH = YES;
				SDKROOT = iphoneos;
				SWIFT_ACTIVE_COMPILATION_CONDITIONS = "DEBUG $(inherited)";
				SWIFT_OPTIMIZATION_LEVEL = "-Onone";
			};
			name = Debug;
		};
		FF815F382F1E0906007FC472 /* Release */ = {
			isa = XCBuildConfiguration;
			buildSettings = {
				ALWAYS_SEARCH_USER_PATHS = NO;
				ASSETCATALOG_COMPILER_GENERATE_SWIFT_ASSET_SYMBOL_EXTENSIONS = YES;
				CLANG_ANALYZER_NONNULL = YES;
				CLANG_ANALYZER_NUMBER_OBJECT_CONVERSION = YES_AGGRESSIVE;
				CLANG_CXX_LANGUAGE_STANDARD = "gnu++20";
				CLANG_ENABLE_MODULES = YES;
				CLANG_ENABLE_OBJC_ARC = YES;
				CLANG_ENABLE_OBJC_WEAK = YES;
				CLANG_WARN_BLOCK_CAPTURE_AUTORELEASING = YES;
				CLANG_WARN_BOOL_CONVERSION = YES;
				CLANG_WARN_COMMA = YES;
				CLANG_WARN_CONSTANT_CONVERSION = YES;
				CLANG_WARN_DEPRECATED_OBJC_IMPLEMENTATIONS = YES;
				CLANG_WARN_DIRECT_OBJC_ISA_USAGE = YES_ERROR;
				CLANG_WARN_DOCUMENTATION_COMMENTS = YES;
				CLANG_WARN_EMPTY_BODY = YES;
				CLANG_WARN_ENUM_CONVERSION = YES;
				CLANG_WARN_INFINITE_RECURSION = YES;
				CLANG_WARN_INT_CONVERSION = YES;
				CLANG_WARN_NON_LITERAL_NULL_CONVERSION = YES;
				CLANG_WARN_OBJC_IMPLICIT_RETAIN_SELF = YES;
				CLANG_WARN_OBJC_LITERAL_CONVERSION = YES;
				CLANG_WARN_OBJC_ROOT_CLASS = YES_ERROR;
				CLANG_WARN_QUOTED_INCLUDE_IN_FRAMEWORK_HEADER = YES;
				CLANG_WARN_RANGE_LOOP_ANALYSIS = YES;
				CLANG_WARN_STRICT_PROTOTYPES = YES;
				CLANG_WARN_SUSPICIOUS_MOVE = YES;
				CLANG_WARN_UNGUARDED_AVAILABILITY = YES_AGGRESSIVE;
				CLANG_WARN_UNREACHABLE_CODE = YES;
				CLANG_WARN__DUPLICATE_METHOD_MATCH = YES;
				COPY_PHASE_STRIP = NO;
				DEBUG_INFORMATION_FORMAT = "dwarf-with-dsym";
				DEVELOPMENT_TEAM = 8ZY239GG83;
				ENABLE_NS_ASSERTIONS = NO;
				ENABLE_STRICT_OBJC_MSGSEND = YES;
				ENABLE_USER_SCRIPT_SANDBOXING = YES;
				GCC_C_LANGUAGE_STANDARD = gnu17;
				GCC_NO_COMMON_BLOCKS = YES;
				GCC_WARN_64_TO_32_BIT_CONVERSION = YES;
				GCC_WARN_ABOUT_RETURN_TYPE = YES_ERROR;
				GCC_WARN_UNDECLARED_SELECTOR = YES;
				GCC_WARN_UNINITIALIZED_AUTOS = YES_AGGRESSIVE;
				GCC_WARN_UNUSED_FUNCTION = YES;
				GCC_WARN_UNUSED_VARIABLE = YES;
				IPHONEOS_DEPLOYMENT_TARGET = 26.2;
				LOCALIZATION_PREFERS_STRING_CATALOGS = YES;
				MTL_ENABLE_DEBUG_INFO = NO;
				MTL_FAST_MATH = YES;
				SDKROOT = iphoneos;
				SWIFT_COMPILATION_MODE = wholemodule;
				VALIDATE_PRODUCT = YES;
			};
			name = Release;
		};
/* End XCBuildConfiguration section */

/* Begin XCConfigurationList section */
		FF815F1C2F1E0905007FC472 /* Build configuration list for PBXProject "turkiye_finans_2026_ios" */ = {
			isa = XCConfigurationList;
			buildConfigurations = (
				FF815F372F1E0906007FC472 /* Debug */,
				FF815F382F1E0906007FC472 /* Release */,
			);
			defaultConfigurationIsVisible = 0;
			defaultConfigurationName = Release;
		};
		FF815F342F1E0906007FC472 /* Build configuration list for PBXNativeTarget "turkiye_finans_2026_ios" */ = {
			isa = XCConfigurationList;
			buildConfigurations = (
				FF815F352F1E0906007FC472 /* Debug */,
				FF815F362F1E0906007FC472 /* Release */,
			);
			defaultConfigurationIsVisible = 0;
			defaultConfigurationName = Release;
		};
/* End XCConfigurationList section */

/* Begin XCLocalSwiftPackageReference section */
		FF0D0B102F1F74390086FE3D /* XCLocalSwiftPackageReference "Packages/CoreApp" */ = {
			isa = XCLocalSwiftPackageReference;
			relativePath = Packages/CoreApp;
		};
		FF0D0B132F1F748A0086FE3D /* XCLocalSwiftPackageReference "Packages/DataApp" */ = {
			isa = XCLocalSwiftPackageReference;
			relativePath = Packages/DataApp;
		};
		FF0D0B162F1F74950086FE3D /* XCLocalSwiftPackageReference "Packages/DomainApp" */ = {
			isa = XCLocalSwiftPackageReference;
			relativePath = Packages/DomainApp;
		};
		FF0D0B192F1F749F0086FE3D /* XCLocalSwiftPackageReference "Packages/UIApp" */ = {
			isa = XCLocalSwiftPackageReference;
			relativePath = Packages/UIApp;
		};
/* End XCLocalSwiftPackageReference section */

/* Begin XCRemoteSwiftPackageReference section */
		FF0D0B1E2F1FB3480086FE3D /* XCRemoteSwiftPackageReference "MarqueeText" */ = {
			isa = XCRemoteSwiftPackageReference;
			repositoryURL = "https://github.com/joekndy/MarqueeText.git";
			requirement = {
				branch = master;
				kind = branch;
			};
		};
		FF0D0B212F1FB44B0086FE3D /* XCRemoteSwiftPackageReference "Alamofire" */ = {
			isa = XCRemoteSwiftPackageReference;
			repositoryURL = "https://github.com/Alamofire/Alamofire.git";
			requirement = {
				kind = upToNextMajorVersion;
				minimumVersion = 5.11.0;
			};
		};
		FF0D0B262F1FB46C0086FE3D /* XCRemoteSwiftPackageReference "Moya" */ = {
			isa = XCRemoteSwiftPackageReference;
			repositoryURL = "https://github.com/Moya/Moya.git";
			requirement = {
				kind = upToNextMajorVersion;
				minimumVersion = 15.0.3;
			};
		};
/* End XCRemoteSwiftPackageReference section */

/* Begin XCSwiftPackageProductDependency section */
		FF0D0B112F1F74390086FE3D /* CoreApp */ = {
			isa = XCSwiftPackageProductDependency;
			productName = CoreApp;
		};
		FF0D0B142F1F748A0086FE3D /* DataApp */ = {
			isa = XCSwiftPackageProductDependency;
			productName = DataApp;
		};
		FF0D0B172F1F74950086FE3D /* DomainApp */ = {
			isa = XCSwiftPackageProductDependency;
			productName = DomainApp;
		};
		FF0D0B1A2F1F749F0086FE3D /* UIApp */ = {
			isa = XCSwiftPackageProductDependency;
			productName = UIApp;
		};
		FF0D0B1F2F1FB3480086FE3D /* MarqueeText */ = {
			isa = XCSwiftPackageProductDependency;
			package = FF0D0B1E2F1FB3480086FE3D /* XCRemoteSwiftPackageReference "MarqueeText" */;
			productName = MarqueeText;
		};
		FF0D0B222F1FB44B0086FE3D /* Alamofire */ = {
			isa = XCSwiftPackageProductDependency;
			package = FF0D0B212F1FB44B0086FE3D /* XCRemoteSwiftPackageReference "Alamofire" */;
			productName = Alamofire;
		};
		FF0D0B242F1FB44B0086FE3D /* AlamofireDynamic */ = {
			isa = XCSwiftPackageProductDependency;
			package = FF0D0B212F1FB44B0086FE3D /* XCRemoteSwiftPackageReference "Alamofire" */;
			productName = AlamofireDynamic;
		};
/* End XCSwiftPackageProductDependency section */
	};
	rootObject = FF815F192F1E0905007FC472 /* Project object */;
}
